// !$*UTF8*$!
{
	archiveVersion = 1;
	classes = {
	};
	objectVersion = 56;
	objects = {

/* Begin PBXBuildFile section */
		59D194BBE2C59CD59B273837 /* Pods_TinderCookTests.framework in Frameworks */ = {isa = PBXBuildFile; fileRef = C3ED5D23C760E61C725989F4 /* Pods_TinderCookTests.framework */; };
		8B166CD585FABD7371B4CF3D /* Pods_TinderCook_TinderCookUITests.framework in Frameworks */ = {isa = PBXBuildFile; fileRef = 0B1F9F1B7A8080280A4CDB0F /* Pods_TinderCook_TinderCookUITests.framework */; };
		C463F2233A7379AA67834873 /* Pods_TinderCook.framework in Frameworks */ = {isa = PBXBuildFile; fileRef = 0E1D686105C23D8064C52490 /* Pods_TinderCook.framework */; };
		F2D114422904C158005E3BC3 /* TinderCookApp.swift in Sources */ = {isa = PBXBuildFile; fileRef = F2D114412904C158005E3BC3 /* TinderCookApp.swift */; };
		F2D114442904C158005E3BC3 /* RecipesDiscoverView.swift in Sources */ = {isa = PBXBuildFile; fileRef = F2D114432904C158005E3BC3 /* RecipesDiscoverView.swift */; };
		F2D114462904C159005E3BC3 /* Assets.xcassets in Resources */ = {isa = PBXBuildFile; fileRef = F2D114452904C159005E3BC3 /* Assets.xcassets */; };
		F2D114492904C159005E3BC3 /* Preview Assets.xcassets in Resources */ = {isa = PBXBuildFile; fileRef = F2D114482904C159005E3BC3 /* Preview Assets.xcassets */; };
		F2D114532904C15A005E3BC3 /* TinderCookTests.swift in Sources */ = {isa = PBXBuildFile; fileRef = F2D114522904C15A005E3BC3 /* TinderCookTests.swift */; };
		F2D1145D2904C15A005E3BC3 /* TinderCookUITests.swift in Sources */ = {isa = PBXBuildFile; fileRef = F2D1145C2904C15A005E3BC3 /* TinderCookUITests.swift */; };
		F2D1145F2904C15A005E3BC3 /* TinderCookUITestsLaunchTests.swift in Sources */ = {isa = PBXBuildFile; fileRef = F2D1145E2904C15A005E3BC3 /* TinderCookUITestsLaunchTests.swift */; };
		F2D1147229058A75005E3BC3 /* NetworkError.swift in Sources */ = {isa = PBXBuildFile; fileRef = F2D1147129058A75005E3BC3 /* NetworkError.swift */; };
		F2D1147429058A99005E3BC3 /* EndPointType.swift in Sources */ = {isa = PBXBuildFile; fileRef = F2D1147329058A99005E3BC3 /* EndPointType.swift */; };
		F2D1147629058AB6005E3BC3 /* HTTPTask.swift in Sources */ = {isa = PBXBuildFile; fileRef = F2D1147529058AB6005E3BC3 /* HTTPTask.swift */; };
		F2D1147929058B0D005E3BC3 /* TCRouter.swift in Sources */ = {isa = PBXBuildFile; fileRef = F2D1147829058B0D005E3BC3 /* TCRouter.swift */; };
		F2D1147D29058B60005E3BC3 /* NetworkRouterProtocol.swift in Sources */ = {isa = PBXBuildFile; fileRef = F2D1147C29058B60005E3BC3 /* NetworkRouterProtocol.swift */; };
		F2D1148029058BAD005E3BC3 /* NetworkManager.swift in Sources */ = {isa = PBXBuildFile; fileRef = F2D1147F29058BAD005E3BC3 /* NetworkManager.swift */; };
		F2D1148329058BFE005E3BC3 /* FoodAPI.swift in Sources */ = {isa = PBXBuildFile; fileRef = F2D1148229058BFE005E3BC3 /* FoodAPI.swift */; };
		F2D114862905D581005E3BC3 /* Recipe.swift in Sources */ = {isa = PBXBuildFile; fileRef = F2D114852905D581005E3BC3 /* Recipe.swift */; };
		F2D114882905D850005E3BC3 /* RandomRecipesParameters.swift in Sources */ = {isa = PBXBuildFile; fileRef = F2D114872905D850005E3BC3 /* RandomRecipesParameters.swift */; };
		F2D1148A2905E2A8005E3BC3 /* FoodApiDefaultResponse.swift in Sources */ = {isa = PBXBuildFile; fileRef = F2D114892905E2A8005E3BC3 /* FoodApiDefaultResponse.swift */; };
		F2D1148F2905F0A1005E3BC3 /* RecipesDiscoverDisplayLogic.swift in Sources */ = {isa = PBXBuildFile; fileRef = F2D1148E2905F0A1005E3BC3 /* RecipesDiscoverDisplayLogic.swift */; };
		F2D1149129060973005E3BC3 /* RecipesDiscoverInteractor.swift in Sources */ = {isa = PBXBuildFile; fileRef = F2D1149029060973005E3BC3 /* RecipesDiscoverInteractor.swift */; };
		F2D11493290609EF005E3BC3 /* RecipesDiscoverPresenter.swift in Sources */ = {isa = PBXBuildFile; fileRef = F2D11492290609EF005E3BC3 /* RecipesDiscoverPresenter.swift */; };
		F2D1149529060A1C005E3BC3 /* RecipesDiscoverViewConfigurator.swift in Sources */ = {isa = PBXBuildFile; fileRef = F2D1149429060A1C005E3BC3 /* RecipesDiscoverViewConfigurator.swift */; };
		F2D1149729061047005E3BC3 /* RecipesDiscoverModel.swift in Sources */ = {isa = PBXBuildFile; fileRef = F2D1149629061047005E3BC3 /* RecipesDiscoverModel.swift */; };
		F2D1149B2906144B005E3BC3 /* RecipesRepository.swift in Sources */ = {isa = PBXBuildFile; fileRef = F2D1149A2906144B005E3BC3 /* RecipesRepository.swift */; };
		F2D114A22906279A005E3BC3 /* RecipesDiscoverDataStore.swift in Sources */ = {isa = PBXBuildFile; fileRef = F2D114A12906279A005E3BC3 /* RecipesDiscoverDataStore.swift */; };
		F2D114A52906793D005E3BC3 /* StackRecipeCardView.swift in Sources */ = {isa = PBXBuildFile; fileRef = F2D114A42906793D005E3BC3 /* StackRecipeCardView.swift */; };
		F2D114A9290729B5005E3BC3 /* RecipesDiscoverWorker.swift in Sources */ = {isa = PBXBuildFile; fileRef = F2D114A8290729B5005E3BC3 /* RecipesDiscoverWorker.swift */; };
		F2D114BC290774FD005E3BC3 /* FavoriteRecipesView.swift in Sources */ = {isa = PBXBuildFile; fileRef = F2D114BB290774FD005E3BC3 /* FavoriteRecipesView.swift */; };
/* End PBXBuildFile section */

/* Begin PBXContainerItemProxy section */
		F2D1144F2904C15A005E3BC3 /* PBXContainerItemProxy */ = {
			isa = PBXContainerItemProxy;
			containerPortal = F2D114362904C158005E3BC3 /* Project object */;
			proxyType = 1;
			remoteGlobalIDString = F2D1143D2904C158005E3BC3;
			remoteInfo = TinderCook;
		};
		F2D114592904C15A005E3BC3 /* PBXContainerItemProxy */ = {
			isa = PBXContainerItemProxy;
			containerPortal = F2D114362904C158005E3BC3 /* Project object */;
			proxyType = 1;
			remoteGlobalIDString = F2D1143D2904C158005E3BC3;
			remoteInfo = TinderCook;
		};
/* End PBXContainerItemProxy section */

/* Begin PBXFileReference section */
		048431C140B247BD1D0998A7 /* Pods-TinderCook.release.xcconfig */ = {isa = PBXFileReference; includeInIndex = 1; lastKnownFileType = text.xcconfig; name = "Pods-TinderCook.release.xcconfig"; path = "Target Support Files/Pods-TinderCook/Pods-TinderCook.release.xcconfig"; sourceTree = "<group>"; };
		0B1F9F1B7A8080280A4CDB0F /* Pods_TinderCook_TinderCookUITests.framework */ = {isa = PBXFileReference; explicitFileType = wrapper.framework; includeInIndex = 0; path = Pods_TinderCook_TinderCookUITests.framework; sourceTree = BUILT_PRODUCTS_DIR; };
		0E1D686105C23D8064C52490 /* Pods_TinderCook.framework */ = {isa = PBXFileReference; explicitFileType = wrapper.framework; includeInIndex = 0; path = Pods_TinderCook.framework; sourceTree = BUILT_PRODUCTS_DIR; };
		6A53CA833A2CF3D777B1CA0F /* Pods-TinderCookTests.release.xcconfig */ = {isa = PBXFileReference; includeInIndex = 1; lastKnownFileType = text.xcconfig; name = "Pods-TinderCookTests.release.xcconfig"; path = "Target Support Files/Pods-TinderCookTests/Pods-TinderCookTests.release.xcconfig"; sourceTree = "<group>"; };
		80CEB575EE3A6493B8CE7EA6 /* Pods-TinderCook-TinderCookUITests.release.xcconfig */ = {isa = PBXFileReference; includeInIndex = 1; lastKnownFileType = text.xcconfig; name = "Pods-TinderCook-TinderCookUITests.release.xcconfig"; path = "Target Support Files/Pods-TinderCook-TinderCookUITests/Pods-TinderCook-TinderCookUITests.release.xcconfig"; sourceTree = "<group>"; };
		9042286E2F37BDD6AF9E959A /* Pods-TinderCook.debug.xcconfig */ = {isa = PBXFileReference; includeInIndex = 1; lastKnownFileType = text.xcconfig; name = "Pods-TinderCook.debug.xcconfig"; path = "Target Support Files/Pods-TinderCook/Pods-TinderCook.debug.xcconfig"; sourceTree = "<group>"; };
		B54980D0C146AA7C04AFC657 /* Pods-TinderCook-TinderCookUITests.debug.xcconfig */ = {isa = PBXFileReference; includeInIndex = 1; lastKnownFileType = text.xcconfig; name = "Pods-TinderCook-TinderCookUITests.debug.xcconfig"; path = "Target Support Files/Pods-TinderCook-TinderCookUITests/Pods-TinderCook-TinderCookUITests.debug.xcconfig"; sourceTree = "<group>"; };
		C3ED5D23C760E61C725989F4 /* Pods_TinderCookTests.framework */ = {isa = PBXFileReference; explicitFileType = wrapper.framework; includeInIndex = 0; path = Pods_TinderCookTests.framework; sourceTree = BUILT_PRODUCTS_DIR; };
		CA9C900721C272699EF10459 /* Pods-TinderCookTests.debug.xcconfig */ = {isa = PBXFileReference; includeInIndex = 1; lastKnownFileType = text.xcconfig; name = "Pods-TinderCookTests.debug.xcconfig"; path = "Target Support Files/Pods-TinderCookTests/Pods-TinderCookTests.debug.xcconfig"; sourceTree = "<group>"; };
		F2D1143E2904C158005E3BC3 /* TinderCook.app */ = {isa = PBXFileReference; explicitFileType = wrapper.application; includeInIndex = 0; path = TinderCook.app; sourceTree = BUILT_PRODUCTS_DIR; };
		F2D114412904C158005E3BC3 /* TinderCookApp.swift */ = {isa = PBXFileReference; lastKnownFileType = sourcecode.swift; path = TinderCookApp.swift; sourceTree = "<group>"; };
		F2D114432904C158005E3BC3 /* RecipesDiscoverView.swift */ = {isa = PBXFileReference; lastKnownFileType = sourcecode.swift; path = RecipesDiscoverView.swift; sourceTree = "<group>"; };
		F2D114452904C159005E3BC3 /* Assets.xcassets */ = {isa = PBXFileReference; lastKnownFileType = folder.assetcatalog; path = Assets.xcassets; sourceTree = "<group>"; };
		F2D114482904C159005E3BC3 /* Preview Assets.xcassets */ = {isa = PBXFileReference; lastKnownFileType = folder.assetcatalog; path = "Preview Assets.xcassets"; sourceTree = "<group>"; };
		F2D1144E2904C15A005E3BC3 /* TinderCookTests.xctest */ = {isa = PBXFileReference; explicitFileType = wrapper.cfbundle; includeInIndex = 0; path = TinderCookTests.xctest; sourceTree = BUILT_PRODUCTS_DIR; };
		F2D114522904C15A005E3BC3 /* TinderCookTests.swift */ = {isa = PBXFileReference; lastKnownFileType = sourcecode.swift; path = TinderCookTests.swift; sourceTree = "<group>"; };
		F2D114582904C15A005E3BC3 /* TinderCookUITests.xctest */ = {isa = PBXFileReference; explicitFileType = wrapper.cfbundle; includeInIndex = 0; path = TinderCookUITests.xctest; sourceTree = BUILT_PRODUCTS_DIR; };
		F2D1145C2904C15A005E3BC3 /* TinderCookUITests.swift */ = {isa = PBXFileReference; lastKnownFileType = sourcecode.swift; path = TinderCookUITests.swift; sourceTree = "<group>"; };
		F2D1145E2904C15A005E3BC3 /* TinderCookUITestsLaunchTests.swift */ = {isa = PBXFileReference; lastKnownFileType = sourcecode.swift; path = TinderCookUITestsLaunchTests.swift; sourceTree = "<group>"; };
		F2D1147129058A75005E3BC3 /* NetworkError.swift */ = {isa = PBXFileReference; lastKnownFileType = sourcecode.swift; path = NetworkError.swift; sourceTree = "<group>"; };
		F2D1147329058A99005E3BC3 /* EndPointType.swift */ = {isa = PBXFileReference; lastKnownFileType = sourcecode.swift; path = EndPointType.swift; sourceTree = "<group>"; };
		F2D1147529058AB6005E3BC3 /* HTTPTask.swift */ = {isa = PBXFileReference; lastKnownFileType = sourcecode.swift; path = HTTPTask.swift; sourceTree = "<group>"; };
		F2D1147829058B0D005E3BC3 /* TCRouter.swift */ = {isa = PBXFileReference; lastKnownFileType = sourcecode.swift; path = TCRouter.swift; sourceTree = "<group>"; };
		F2D1147C29058B60005E3BC3 /* NetworkRouterProtocol.swift */ = {isa = PBXFileReference; lastKnownFileType = sourcecode.swift; path = NetworkRouterProtocol.swift; sourceTree = "<group>"; };
		F2D1147F29058BAD005E3BC3 /* NetworkManager.swift */ = {isa = PBXFileReference; lastKnownFileType = sourcecode.swift; path = NetworkManager.swift; sourceTree = "<group>"; };
		F2D1148229058BFE005E3BC3 /* FoodAPI.swift */ = {isa = PBXFileReference; lastKnownFileType = sourcecode.swift; path = FoodAPI.swift; sourceTree = "<group>"; };
		F2D114852905D581005E3BC3 /* Recipe.swift */ = {isa = PBXFileReference; lastKnownFileType = sourcecode.swift; path = Recipe.swift; sourceTree = "<group>"; };
		F2D114872905D850005E3BC3 /* RandomRecipesParameters.swift */ = {isa = PBXFileReference; lastKnownFileType = sourcecode.swift; path = RandomRecipesParameters.swift; sourceTree = "<group>"; };
		F2D114892905E2A8005E3BC3 /* FoodApiDefaultResponse.swift */ = {isa = PBXFileReference; fileEncoding = 4; lastKnownFileType = sourcecode.swift; path = FoodApiDefaultResponse.swift; sourceTree = "<group>"; };
		F2D1148E2905F0A1005E3BC3 /* RecipesDiscoverDisplayLogic.swift */ = {isa = PBXFileReference; lastKnownFileType = sourcecode.swift; path = RecipesDiscoverDisplayLogic.swift; sourceTree = "<group>"; };
		F2D1149029060973005E3BC3 /* RecipesDiscoverInteractor.swift */ = {isa = PBXFileReference; lastKnownFileType = sourcecode.swift; path = RecipesDiscoverInteractor.swift; sourceTree = "<group>"; };
		F2D11492290609EF005E3BC3 /* RecipesDiscoverPresenter.swift */ = {isa = PBXFileReference; lastKnownFileType = sourcecode.swift; path = RecipesDiscoverPresenter.swift; sourceTree = "<group>"; };
		F2D1149429060A1C005E3BC3 /* RecipesDiscoverViewConfigurator.swift */ = {isa = PBXFileReference; lastKnownFileType = sourcecode.swift; path = RecipesDiscoverViewConfigurator.swift; sourceTree = "<group>"; };
		F2D1149629061047005E3BC3 /* RecipesDiscoverModel.swift */ = {isa = PBXFileReference; lastKnownFileType = sourcecode.swift; path = RecipesDiscoverModel.swift; sourceTree = "<group>"; };
		F2D1149A2906144B005E3BC3 /* RecipesRepository.swift */ = {isa = PBXFileReference; lastKnownFileType = sourcecode.swift; path = RecipesRepository.swift; sourceTree = "<group>"; };
		F2D114A12906279A005E3BC3 /* RecipesDiscoverDataStore.swift */ = {isa = PBXFileReference; lastKnownFileType = sourcecode.swift; path = RecipesDiscoverDataStore.swift; sourceTree = "<group>"; };
		F2D114A42906793D005E3BC3 /* StackRecipeCardView.swift */ = {isa = PBXFileReference; lastKnownFileType = sourcecode.swift; path = StackRecipeCardView.swift; sourceTree = "<group>"; };
		F2D114A62907067C005E3BC3 /* Info.plist */ = {isa = PBXFileReference; lastKnownFileType = text.plist; path = Info.plist; sourceTree = "<group>"; };
		F2D114A8290729B5005E3BC3 /* RecipesDiscoverWorker.swift */ = {isa = PBXFileReference; lastKnownFileType = sourcecode.swift; path = RecipesDiscoverWorker.swift; sourceTree = "<group>"; };
		F2D114BB290774FD005E3BC3 /* FavoriteRecipesView.swift */ = {isa = PBXFileReference; lastKnownFileType = sourcecode.swift; path = FavoriteRecipesView.swift; sourceTree = "<group>"; };
/* End PBXFileReference section */

/* Begin PBXFrameworksBuildPhase section */
		F2D1143B2904C158005E3BC3 /* Frameworks */ = {
			isa = PBXFrameworksBuildPhase;
			buildActionMask = 2147483647;
			files = (
				C463F2233A7379AA67834873 /* Pods_TinderCook.framework in Frameworks */,
			);
			runOnlyForDeploymentPostprocessing = 0;
		};
		F2D1144B2904C15A005E3BC3 /* Frameworks */ = {
			isa = PBXFrameworksBuildPhase;
			buildActionMask = 2147483647;
			files = (
				59D194BBE2C59CD59B273837 /* Pods_TinderCookTests.framework in Frameworks */,
			);
			runOnlyForDeploymentPostprocessing = 0;
		};
		F2D114552904C15A005E3BC3 /* Frameworks */ = {
			isa = PBXFrameworksBuildPhase;
			buildActionMask = 2147483647;
			files = (
				8B166CD585FABD7371B4CF3D /* Pods_TinderCook_TinderCookUITests.framework in Frameworks */,
			);
			runOnlyForDeploymentPostprocessing = 0;
		};
/* End PBXFrameworksBuildPhase section */

/* Begin PBXGroup section */
		64AD3129EA7A0CD097C72877 /* Frameworks */ = {
			isa = PBXGroup;
			children = (
				0E1D686105C23D8064C52490 /* Pods_TinderCook.framework */,
				0B1F9F1B7A8080280A4CDB0F /* Pods_TinderCook_TinderCookUITests.framework */,
				C3ED5D23C760E61C725989F4 /* Pods_TinderCookTests.framework */,
			);
			name = Frameworks;
			sourceTree = "<group>";
		};
		CF03A1ED9A84550A0B1249D8 /* Pods */ = {
			isa = PBXGroup;
			children = (
				9042286E2F37BDD6AF9E959A /* Pods-TinderCook.debug.xcconfig */,
				048431C140B247BD1D0998A7 /* Pods-TinderCook.release.xcconfig */,
				B54980D0C146AA7C04AFC657 /* Pods-TinderCook-TinderCookUITests.debug.xcconfig */,
				80CEB575EE3A6493B8CE7EA6 /* Pods-TinderCook-TinderCookUITests.release.xcconfig */,
				CA9C900721C272699EF10459 /* Pods-TinderCookTests.debug.xcconfig */,
				6A53CA833A2CF3D777B1CA0F /* Pods-TinderCookTests.release.xcconfig */,
			);
			path = Pods;
			sourceTree = "<group>";
		};
		F2D114352904C158005E3BC3 = {
			isa = PBXGroup;
			children = (
				F2D114402904C158005E3BC3 /* TinderCook */,
				F2D114512904C15A005E3BC3 /* TinderCookTests */,
				F2D1145B2904C15A005E3BC3 /* TinderCookUITests */,
				F2D1143F2904C158005E3BC3 /* Products */,
				CF03A1ED9A84550A0B1249D8 /* Pods */,
				64AD3129EA7A0CD097C72877 /* Frameworks */,
			);
			sourceTree = "<group>";
		};
		F2D1143F2904C158005E3BC3 /* Products */ = {
			isa = PBXGroup;
			children = (
				F2D1143E2904C158005E3BC3 /* TinderCook.app */,
				F2D1144E2904C15A005E3BC3 /* TinderCookTests.xctest */,
				F2D114582904C15A005E3BC3 /* TinderCookUITests.xctest */,
			);
			name = Products;
			sourceTree = "<group>";
		};
		F2D114402904C158005E3BC3 /* TinderCook */ = {
			isa = PBXGroup;
			children = (
				F2D114A62907067C005E3BC3 /* Info.plist */,
				F2D1146B2904C2CD005E3BC3 /* App */,
				F2D1148B2905EA3A005E3BC3 /* Presentation */,
				F2D1146D2904E363005E3BC3 /* Domain */,
				F2D1146E29058A48005E3BC3 /* Data */,
				F2D1146C2904C2D5005E3BC3 /* Resources */,
				F2D114472904C159005E3BC3 /* Preview Content */,
			);
			path = TinderCook;
			sourceTree = "<group>";
		};
		F2D114472904C159005E3BC3 /* Preview Content */ = {
			isa = PBXGroup;
			children = (
				F2D114482904C159005E3BC3 /* Preview Assets.xcassets */,
			);
			path = "Preview Content";
			sourceTree = "<group>";
		};
		F2D114512904C15A005E3BC3 /* TinderCookTests */ = {
			isa = PBXGroup;
			children = (
				F2D114522904C15A005E3BC3 /* TinderCookTests.swift */,
			);
			path = TinderCookTests;
			sourceTree = "<group>";
		};
		F2D1145B2904C15A005E3BC3 /* TinderCookUITests */ = {
			isa = PBXGroup;
			children = (
				F2D1145C2904C15A005E3BC3 /* TinderCookUITests.swift */,
				F2D1145E2904C15A005E3BC3 /* TinderCookUITestsLaunchTests.swift */,
			);
			path = TinderCookUITests;
			sourceTree = "<group>";
		};
		F2D1146B2904C2CD005E3BC3 /* App */ = {
			isa = PBXGroup;
			children = (
				F2D114412904C158005E3BC3 /* TinderCookApp.swift */,
			);
			path = App;
			sourceTree = "<group>";
		};
		F2D1146C2904C2D5005E3BC3 /* Resources */ = {
			isa = PBXGroup;
			children = (
				F2D114452904C159005E3BC3 /* Assets.xcassets */,
			);
			path = Resources;
			sourceTree = "<group>";
		};
		F2D1146D2904E363005E3BC3 /* Domain */ = {
			isa = PBXGroup;
			children = (
				F2D1149929061409005E3BC3 /* Repositories */,
				F2D11498290611C7005E3BC3 /* UseCases */,
				F2D114842905D40E005E3BC3 /* Models */,
			);
			path = Domain;
			sourceTree = "<group>";
		};
		F2D1146E29058A48005E3BC3 /* Data */ = {
			isa = PBXGroup;
			children = (
				F2D1149E29061E6D005E3BC3 /* DataSources */,
			);
			path = Data;
			sourceTree = "<group>";
		};
		F2D1146F29058A50005E3BC3 /* Networking */ = {
			isa = PBXGroup;
			children = (
				F2D1148129058BCC005E3BC3 /* Endpoints */,
				F2D1147E29058B96005E3BC3 /* Manager */,
				F2D1147029058A5A005E3BC3 /* Service */,
			);
			path = Networking;
			sourceTree = "<group>";
		};
		F2D1147029058A5A005E3BC3 /* Service */ = {
			isa = PBXGroup;
			children = (
				F2D1147129058A75005E3BC3 /* NetworkError.swift */,
				F2D1147329058A99005E3BC3 /* EndPointType.swift */,
				F2D1147529058AB6005E3BC3 /* HTTPTask.swift */,
				F2D1147829058B0D005E3BC3 /* TCRouter.swift */,
				F2D1147C29058B60005E3BC3 /* NetworkRouterProtocol.swift */,
			);
			path = Service;
			sourceTree = "<group>";
		};
		F2D1147E29058B96005E3BC3 /* Manager */ = {
			isa = PBXGroup;
			children = (
				F2D1147F29058BAD005E3BC3 /* NetworkManager.swift */,
			);
			path = Manager;
			sourceTree = "<group>";
		};
		F2D1148129058BCC005E3BC3 /* Endpoints */ = {
			isa = PBXGroup;
			children = (
				F2D114892905E2A8005E3BC3 /* FoodApiDefaultResponse.swift */,
				F2D114872905D850005E3BC3 /* RandomRecipesParameters.swift */,
				F2D1148229058BFE005E3BC3 /* FoodAPI.swift */,
			);
			path = Endpoints;
			sourceTree = "<group>";
		};
		F2D114842905D40E005E3BC3 /* Models */ = {
			isa = PBXGroup;
			children = (
				F2D114852905D581005E3BC3 /* Recipe.swift */,
			);
			path = Models;
			sourceTree = "<group>";
		};
		F2D1148B2905EA3A005E3BC3 /* Presentation */ = {
			isa = PBXGroup;
			children = (
				F2D114BA29077480005E3BC3 /* FavoritesRecipes */,
				F2D1148C2905EA42005E3BC3 /* RecipesDiscover */,
			);
			path = Presentation;
			sourceTree = "<group>";
		};
		F2D1148C2905EA42005E3BC3 /* RecipesDiscover */ = {
			isa = PBXGroup;
			children = (
				F2D114A32906791A005E3BC3 /* UIComponents */,
				F2D1149C29061CFE005E3BC3 /* Configurator */,
				F2D114432904C158005E3BC3 /* RecipesDiscoverView.swift */,
				F2D1148E2905F0A1005E3BC3 /* RecipesDiscoverDisplayLogic.swift */,
				F2D1149029060973005E3BC3 /* RecipesDiscoverInteractor.swift */,
				F2D11492290609EF005E3BC3 /* RecipesDiscoverPresenter.swift */,
				F2D114A12906279A005E3BC3 /* RecipesDiscoverDataStore.swift */,
				F2D114A8290729B5005E3BC3 /* RecipesDiscoverWorker.swift */,
			);
			path = RecipesDiscover;
			sourceTree = "<group>";
		};
		F2D11498290611C7005E3BC3 /* UseCases */ = {
			isa = PBXGroup;
			children = (
				F2D1149D29061E2C005E3BC3 /* Recipes */,
			);
			path = UseCases;
			sourceTree = "<group>";
		};
		F2D1149929061409005E3BC3 /* Repositories */ = {
			isa = PBXGroup;
			children = (
				F2D1149A2906144B005E3BC3 /* RecipesRepository.swift */,
			);
			path = Repositories;
			sourceTree = "<group>";
		};
		F2D1149C29061CFE005E3BC3 /* Configurator */ = {
			isa = PBXGroup;
			children = (
				F2D1149429060A1C005E3BC3 /* RecipesDiscoverViewConfigurator.swift */,
			);
			path = Configurator;
			sourceTree = "<group>";
		};
		F2D1149D29061E2C005E3BC3 /* Recipes */ = {
			isa = PBXGroup;
			children = (
				F2D1149629061047005E3BC3 /* RecipesDiscoverModel.swift */,
			);
			path = Recipes;
			sourceTree = "<group>";
		};
		F2D1149E29061E6D005E3BC3 /* DataSources */ = {
			isa = PBXGroup;
			children = (
				F2D1146F29058A50005E3BC3 /* Networking */,
				F2D1149F29061E8D005E3BC3 /* CoreData */,
			);
			path = DataSources;
			sourceTree = "<group>";
		};
		F2D1149F29061E8D005E3BC3 /* CoreData */ = {
			isa = PBXGroup;
			children = (
			);
			path = CoreData;
			sourceTree = "<group>";
		};
		F2D114A32906791A005E3BC3 /* UIComponents */ = {
			isa = PBXGroup;
			children = (
				F2D114A42906793D005E3BC3 /* StackRecipeCardView.swift */,
			);
			path = UIComponents;
			sourceTree = "<group>";
		};
		F2D114BA29077480005E3BC3 /* FavoritesRecipes */ = {
			isa = PBXGroup;
			children = (
				F2D114BB290774FD005E3BC3 /* FavoriteRecipesView.swift */,
			);
			path = FavoritesRecipes;
			sourceTree = "<group>";
		};
/* End PBXGroup section */

/* Begin PBXNativeTarget section */
		F2D1143D2904C158005E3BC3 /* TinderCook */ = {
			isa = PBXNativeTarget;
			buildConfigurationList = F2D114622904C15A005E3BC3 /* Build configuration list for PBXNativeTarget "TinderCook" */;
			buildPhases = (
				A08874DB3B8C7987D26BB60D /* [CP] Check Pods Manifest.lock */,
				F2D1143A2904C158005E3BC3 /* Sources */,
				F2D1143B2904C158005E3BC3 /* Frameworks */,
				F2D1143C2904C158005E3BC3 /* Resources */,
				FD78C2A41626839E40761290 /* [CP] Embed Pods Frameworks */,
			);
			buildRules = (
			);
			dependencies = (
			);
			name = TinderCook;
			productName = TinderCook;
			productReference = F2D1143E2904C158005E3BC3 /* TinderCook.app */;
			productType = "com.apple.product-type.application";
		};
		F2D1144D2904C15A005E3BC3 /* TinderCookTests */ = {
			isa = PBXNativeTarget;
			buildConfigurationList = F2D114652904C15A005E3BC3 /* Build configuration list for PBXNativeTarget "TinderCookTests" */;
			buildPhases = (
				B3F1D9C27386B7DEC06B4066 /* [CP] Check Pods Manifest.lock */,
				F2D1144A2904C15A005E3BC3 /* Sources */,
				F2D1144B2904C15A005E3BC3 /* Frameworks */,
				F2D1144C2904C15A005E3BC3 /* Resources */,
			);
			buildRules = (
			);
			dependencies = (
				F2D114502904C15A005E3BC3 /* PBXTargetDependency */,
			);
			name = TinderCookTests;
			productName = TinderCookTests;
			productReference = F2D1144E2904C15A005E3BC3 /* TinderCookTests.xctest */;
			productType = "com.apple.product-type.bundle.unit-test";
		};
		F2D114572904C15A005E3BC3 /* TinderCookUITests */ = {
			isa = PBXNativeTarget;
			buildConfigurationList = F2D114682904C15A005E3BC3 /* Build configuration list for PBXNativeTarget "TinderCookUITests" */;
			buildPhases = (
				9E62F31C6ABF03F8313DA4DE /* [CP] Check Pods Manifest.lock */,
				F2D114542904C15A005E3BC3 /* Sources */,
				F2D114552904C15A005E3BC3 /* Frameworks */,
				F2D114562904C15A005E3BC3 /* Resources */,
				7CF9FB4B75F3BC26F0A35438 /* [CP] Embed Pods Frameworks */,
			);
			buildRules = (
			);
			dependencies = (
				F2D1145A2904C15A005E3BC3 /* PBXTargetDependency */,
			);
			name = TinderCookUITests;
			productName = TinderCookUITests;
			productReference = F2D114582904C15A005E3BC3 /* TinderCookUITests.xctest */;
			productType = "com.apple.product-type.bundle.ui-testing";
		};
/* End PBXNativeTarget section */

/* Begin PBXProject section */
		F2D114362904C158005E3BC3 /* Project object */ = {
			isa = PBXProject;
			attributes = {
				BuildIndependentTargetsInParallel = 1;
				LastSwiftUpdateCheck = 1400;
				LastUpgradeCheck = 1400;
				TargetAttributes = {
					F2D1143D2904C158005E3BC3 = {
						CreatedOnToolsVersion = 14.0.1;
					};
					F2D1144D2904C15A005E3BC3 = {
						CreatedOnToolsVersion = 14.0.1;
						TestTargetID = F2D1143D2904C158005E3BC3;
					};
					F2D114572904C15A005E3BC3 = {
						CreatedOnToolsVersion = 14.0.1;
						TestTargetID = F2D1143D2904C158005E3BC3;
					};
				};
			};
			buildConfigurationList = F2D114392904C158005E3BC3 /* Build configuration list for PBXProject "TinderCook" */;
			compatibilityVersion = "Xcode 14.0";
			developmentRegion = en;
			hasScannedForEncodings = 0;
			knownRegions = (
				en,
				Base,
			);
			mainGroup = F2D114352904C158005E3BC3;
			productRefGroup = F2D1143F2904C158005E3BC3 /* Products */;
			projectDirPath = "";
			projectRoot = "";
			targets = (
				F2D1143D2904C158005E3BC3 /* TinderCook */,
				F2D1144D2904C15A005E3BC3 /* TinderCookTests */,
				F2D114572904C15A005E3BC3 /* TinderCookUITests */,
			);
		};
/* End PBXProject section */

/* Begin PBXResourcesBuildPhase section */
		F2D1143C2904C158005E3BC3 /* Resources */ = {
			isa = PBXResourcesBuildPhase;
			buildActionMask = 2147483647;
			files = (
				F2D114492904C159005E3BC3 /* Preview Assets.xcassets in Resources */,
				F2D114462904C159005E3BC3 /* Assets.xcassets in Resources */,
			);
			runOnlyForDeploymentPostprocessing = 0;
		};
		F2D1144C2904C15A005E3BC3 /* Resources */ = {
			isa = PBXResourcesBuildPhase;
			buildActionMask = 2147483647;
			files = (
			);
			runOnlyForDeploymentPostprocessing = 0;
		};
		F2D114562904C15A005E3BC3 /* Resources */ = {
			isa = PBXResourcesBuildPhase;
			buildActionMask = 2147483647;
			files = (
			);
			runOnlyForDeploymentPostprocessing = 0;
		};
/* End PBXResourcesBuildPhase section */

/* Begin PBXShellScriptBuildPhase section */
		7CF9FB4B75F3BC26F0A35438 /* [CP] Embed Pods Frameworks */ = {
			isa = PBXShellScriptBuildPhase;
			buildActionMask = 2147483647;
			files = (
			);
			inputFileListPaths = (
				"${PODS_ROOT}/Target Support Files/Pods-TinderCook-TinderCookUITests/Pods-TinderCook-TinderCookUITests-frameworks-${CONFIGURATION}-input-files.xcfilelist",
			);
			name = "[CP] Embed Pods Frameworks";
			outputFileListPaths = (
				"${PODS_ROOT}/Target Support Files/Pods-TinderCook-TinderCookUITests/Pods-TinderCook-TinderCookUITests-frameworks-${CONFIGURATION}-output-files.xcfilelist",
			);
			runOnlyForDeploymentPostprocessing = 0;
			shellPath = /bin/sh;
			shellScript = "\"${PODS_ROOT}/Target Support Files/Pods-TinderCook-TinderCookUITests/Pods-TinderCook-TinderCookUITests-frameworks.sh\"\n";
			showEnvVarsInLog = 0;
		};
		9E62F31C6ABF03F8313DA4DE /* [CP] Check Pods Manifest.lock */ = {
			isa = PBXShellScriptBuildPhase;
			buildActionMask = 2147483647;
			files = (
			);
			inputFileListPaths = (
			);
			inputPaths = (
				"${PODS_PODFILE_DIR_PATH}/Podfile.lock",
				"${PODS_ROOT}/Manifest.lock",
			);
			name = "[CP] Check Pods Manifest.lock";
			outputFileListPaths = (
			);
			outputPaths = (
				"$(DERIVED_FILE_DIR)/Pods-TinderCook-TinderCookUITests-checkManifestLockResult.txt",
			);
			runOnlyForDeploymentPostprocessing = 0;
			shellPath = /bin/sh;
			shellScript = "diff \"${PODS_PODFILE_DIR_PATH}/Podfile.lock\" \"${PODS_ROOT}/Manifest.lock\" > /dev/null\nif [ $? != 0 ] ; then\n    # print error to STDERR\n    echo \"error: The sandbox is not in sync with the Podfile.lock. Run 'pod install' or update your CocoaPods installation.\" >&2\n    exit 1\nfi\n# This output is used by Xcode 'outputs' to avoid re-running this script phase.\necho \"SUCCESS\" > \"${SCRIPT_OUTPUT_FILE_0}\"\n";
			showEnvVarsInLog = 0;
		};
		A08874DB3B8C7987D26BB60D /* [CP] Check Pods Manifest.lock */ = {
			isa = PBXShellScriptBuildPhase;
			buildActionMask = 2147483647;
			files = (
			);
			inputFileListPaths = (
			);
			inputPaths = (
				"${PODS_PODFILE_DIR_PATH}/Podfile.lock",
				"${PODS_ROOT}/Manifest.lock",
			);
			name = "[CP] Check Pods Manifest.lock";
			outputFileListPaths = (
			);
			outputPaths = (
				"$(DERIVED_FILE_DIR)/Pods-TinderCook-checkManifestLockResult.txt",
			);
			runOnlyForDeploymentPostprocessing = 0;
			shellPath = /bin/sh;
			shellScript = "diff \"${PODS_PODFILE_DIR_PATH}/Podfile.lock\" \"${PODS_ROOT}/Manifest.lock\" > /dev/null\nif [ $? != 0 ] ; then\n    # print error to STDERR\n    echo \"error: The sandbox is not in sync with the Podfile.lock. Run 'pod install' or update your CocoaPods installation.\" >&2\n    exit 1\nfi\n# This output is used by Xcode 'outputs' to avoid re-running this script phase.\necho \"SUCCESS\" > \"${SCRIPT_OUTPUT_FILE_0}\"\n";
			showEnvVarsInLog = 0;
		};
		B3F1D9C27386B7DEC06B4066 /* [CP] Check Pods Manifest.lock */ = {
			isa = PBXShellScriptBuildPhase;
			buildActionMask = 2147483647;
			files = (
			);
			inputFileListPaths = (
			);
			inputPaths = (
				"${PODS_PODFILE_DIR_PATH}/Podfile.lock",
				"${PODS_ROOT}/Manifest.lock",
			);
			name = "[CP] Check Pods Manifest.lock";
			outputFileListPaths = (
			);
			outputPaths = (
				"$(DERIVED_FILE_DIR)/Pods-TinderCookTests-checkManifestLockResult.txt",
			);
			runOnlyForDeploymentPostprocessing = 0;
			shellPath = /bin/sh;
			shellScript = "diff \"${PODS_PODFILE_DIR_PATH}/Podfile.lock\" \"${PODS_ROOT}/Manifest.lock\" > /dev/null\nif [ $? != 0 ] ; then\n    # print error to STDERR\n    echo \"error: The sandbox is not in sync with the Podfile.lock. Run 'pod install' or update your CocoaPods installation.\" >&2\n    exit 1\nfi\n# This output is used by Xcode 'outputs' to avoid re-running this script phase.\necho \"SUCCESS\" > \"${SCRIPT_OUTPUT_FILE_0}\"\n";
			showEnvVarsInLog = 0;
		};
		FD78C2A41626839E40761290 /* [CP] Embed Pods Frameworks */ = {
			isa = PBXShellScriptBuildPhase;
			buildActionMask = 2147483647;
			files = (
			);
			inputFileListPaths = (
				"${PODS_ROOT}/Target Support Files/Pods-TinderCook/Pods-TinderCook-frameworks-${CONFIGURATION}-input-files.xcfilelist",
			);
			name = "[CP] Embed Pods Frameworks";
			outputFileListPaths = (
				"${PODS_ROOT}/Target Support Files/Pods-TinderCook/Pods-TinderCook-frameworks-${CONFIGURATION}-output-files.xcfilelist",
			);
			runOnlyForDeploymentPostprocessing = 0;
			shellPath = /bin/sh;
			shellScript = "\"${PODS_ROOT}/Target Support Files/Pods-TinderCook/Pods-TinderCook-frameworks.sh\"\n";
			showEnvVarsInLog = 0;
		};
/* End PBXShellScriptBuildPhase section */

/* Begin PBXSourcesBuildPhase section */
		F2D1143A2904C158005E3BC3 /* Sources */ = {
			isa = PBXSourcesBuildPhase;
			buildActionMask = 2147483647;
			files = (
				F2D11493290609EF005E3BC3 /* RecipesDiscoverPresenter.swift in Sources */,
				F2D114BC290774FD005E3BC3 /* FavoriteRecipesView.swift in Sources */,
				F2D1148029058BAD005E3BC3 /* NetworkManager.swift in Sources */,
				F2D1147429058A99005E3BC3 /* EndPointType.swift in Sources */,
				F2D114A52906793D005E3BC3 /* StackRecipeCardView.swift in Sources */,
				F2D1148329058BFE005E3BC3 /* FoodAPI.swift in Sources */,
				F2D1149729061047005E3BC3 /* RecipesDiscoverModel.swift in Sources */,
				F2D1149129060973005E3BC3 /* RecipesDiscoverInteractor.swift in Sources */,
				F2D1147929058B0D005E3BC3 /* TCRouter.swift in Sources */,
				F2D1148F2905F0A1005E3BC3 /* RecipesDiscoverDisplayLogic.swift in Sources */,
				F2D1147629058AB6005E3BC3 /* HTTPTask.swift in Sources */,
				F2D114A22906279A005E3BC3 /* RecipesDiscoverDataStore.swift in Sources */,
				F2D114A9290729B5005E3BC3 /* RecipesDiscoverWorker.swift in Sources */,
				F2D1149B2906144B005E3BC3 /* RecipesRepository.swift in Sources */,
				F2D1149529060A1C005E3BC3 /* RecipesDiscoverViewConfigurator.swift in Sources */,
				F2D1148A2905E2A8005E3BC3 /* FoodApiDefaultResponse.swift in Sources */,
				F2D1147D29058B60005E3BC3 /* NetworkRouterProtocol.swift in Sources */,
				F2D114882905D850005E3BC3 /* RandomRecipesParameters.swift in Sources */,
				F2D1147229058A75005E3BC3 /* NetworkError.swift in Sources */,
				F2D114442904C158005E3BC3 /* RecipesDiscoverView.swift in Sources */,
				F2D114422904C158005E3BC3 /* TinderCookApp.swift in Sources */,
				F2D114862905D581005E3BC3 /* Recipe.swift in Sources */,
			);
			runOnlyForDeploymentPostprocessing = 0;
		};
		F2D1144A2904C15A005E3BC3 /* Sources */ = {
			isa = PBXSourcesBuildPhase;
			buildActionMask = 2147483647;
			files = (
				F2D114532904C15A005E3BC3 /* TinderCookTests.swift in Sources */,
			);
			runOnlyForDeploymentPostprocessing = 0;
		};
		F2D114542904C15A005E3BC3 /* Sources */ = {
			isa = PBXSourcesBuildPhase;
			buildActionMask = 2147483647;
			files = (
				F2D1145F2904C15A005E3BC3 /* TinderCookUITestsLaunchTests.swift in Sources */,
				F2D1145D2904C15A005E3BC3 /* TinderCookUITests.swift in Sources */,
			);
			runOnlyForDeploymentPostprocessing = 0;
		};
/* End PBXSourcesBuildPhase section */

/* Begin PBXTargetDependency section */
		F2D114502904C15A005E3BC3 /* PBXTargetDependency */ = {
			isa = PBXTargetDependency;
			target = F2D1143D2904C158005E3BC3 /* TinderCook */;
			targetProxy = F2D1144F2904C15A005E3BC3 /* PBXContainerItemProxy */;
		};
		F2D1145A2904C15A005E3BC3 /* PBXTargetDependency */ = {
			isa = PBXTargetDependency;
			target = F2D1143D2904C158005E3BC3 /* TinderCook */;
			targetProxy = F2D114592904C15A005E3BC3 /* PBXContainerItemProxy */;
		};
/* End PBXTargetDependency section */

/* Begin XCBuildConfiguration section */
		F2D114602904C15A005E3BC3 /* Debug */ = {
			isa = XCBuildConfiguration;
			buildSettings = {
				ALWAYS_SEARCH_USER_PATHS = NO;
				CLANG_ANALYZER_NONNULL = YES;
				CLANG_ANALYZER_NUMBER_OBJECT_CONVERSION = YES_AGGRESSIVE;
				CLANG_CXX_LANGUAGE_STANDARD = "gnu++20";
				CLANG_ENABLE_MODULES = YES;
				CLANG_ENABLE_OBJC_ARC = YES;
				CLANG_ENABLE_OBJC_WEAK = YES;
				CLANG_WARN_BLOCK_CAPTURE_AUTORELEASING = YES;
				CLANG_WARN_BOOL_CONVERSION = YES;
				CLANG_WARN_COMMA = YES;
				CLANG_WARN_CONSTANT_CONVERSION = YES;
				CLANG_WARN_DEPRECATED_OBJC_IMPLEMENTATIONS = YES;
				CLANG_WARN_DIRECT_OBJC_ISA_USAGE = YES_ERROR;
				CLANG_WARN_DOCUMENTATION_COMMENTS = YES;
				CLANG_WARN_EMPTY_BODY = YES;
				CLANG_WARN_ENUM_CONVERSION = YES;
				CLANG_WARN_INFINITE_RECURSION = YES;
				CLANG_WARN_INT_CONVERSION = YES;
				CLANG_WARN_NON_LITERAL_NULL_CONVERSION = YES;
				CLANG_WARN_OBJC_IMPLICIT_RETAIN_SELF = YES;
				CLANG_WARN_OBJC_LITERAL_CONVERSION = YES;
				CLANG_WARN_OBJC_ROOT_CLASS = YES_ERROR;
				CLANG_WARN_QUOTED_INCLUDE_IN_FRAMEWORK_HEADER = YES;
				CLANG_WARN_RANGE_LOOP_ANALYSIS = YES;
				CLANG_WARN_STRICT_PROTOTYPES = YES;
				CLANG_WARN_SUSPICIOUS_MOVE = YES;
				CLANG_WARN_UNGUARDED_AVAILABILITY = YES_AGGRESSIVE;
				CLANG_WARN_UNREACHABLE_CODE = YES;
				CLANG_WARN__DUPLICATE_METHOD_MATCH = YES;
				COPY_PHASE_STRIP = NO;
				DEBUG_INFORMATION_FORMAT = dwarf;
				ENABLE_STRICT_OBJC_MSGSEND = YES;
				ENABLE_TESTABILITY = YES;
				GCC_C_LANGUAGE_STANDARD = gnu11;
				GCC_DYNAMIC_NO_PIC = NO;
				GCC_NO_COMMON_BLOCKS = YES;
				GCC_OPTIMIZATION_LEVEL = 0;
				GCC_PREPROCESSOR_DEFINITIONS = (
					"DEBUG=1",
					"$(inherited)",
				);
				GCC_WARN_64_TO_32_BIT_CONVERSION = YES;
				GCC_WARN_ABOUT_RETURN_TYPE = YES_ERROR;
				GCC_WARN_UNDECLARED_SELECTOR = YES;
				GCC_WARN_UNINITIALIZED_AUTOS = YES_AGGRESSIVE;
				GCC_WARN_UNUSED_FUNCTION = YES;
				GCC_WARN_UNUSED_VARIABLE = YES;
				IPHONEOS_DEPLOYMENT_TARGET = 16.0;
				MTL_ENABLE_DEBUG_INFO = INCLUDE_SOURCE;
				MTL_FAST_MATH = YES;
				ONLY_ACTIVE_ARCH = YES;
				SDKROOT = iphoneos;
				SWIFT_ACTIVE_COMPILATION_CONDITIONS = DEBUG;
				SWIFT_OPTIMIZATION_LEVEL = "-Onone";
			};
			name = Debug;
		};
		F2D114612904C15A005E3BC3 /* Release */ = {
			isa = XCBuildConfiguration;
			buildSettings = {
				ALWAYS_SEARCH_USER_PATHS = NO;
				CLANG_ANALYZER_NONNULL = YES;
				CLANG_ANALYZER_NUMBER_OBJECT_CONVERSION = YES_AGGRESSIVE;
				CLANG_CXX_LANGUAGE_STANDARD = "gnu++20";
				CLANG_ENABLE_MODULES = YES;
				CLANG_ENABLE_OBJC_ARC = YES;
				CLANG_ENABLE_OBJC_WEAK = YES;
				CLANG_WARN_BLOCK_CAPTURE_AUTORELEASING = YES;
				CLANG_WARN_BOOL_CONVERSION = YES;
				CLANG_WARN_COMMA = YES;
				CLANG_WARN_CONSTANT_CONVERSION = YES;
				CLANG_WARN_DEPRECATED_OBJC_IMPLEMENTATIONS = YES;
				CLANG_WARN_DIRECT_OBJC_ISA_USAGE = YES_ERROR;
				CLANG_WARN_DOCUMENTATION_COMMENTS = YES;
				CLANG_WARN_EMPTY_BODY = YES;
				CLANG_WARN_ENUM_CONVERSION = YES;
				CLANG_WARN_INFINITE_RECURSION = YES;
				CLANG_WARN_INT_CONVERSION = YES;
				CLANG_WARN_NON_LITERAL_NULL_CONVERSION = YES;
				CLANG_WARN_OBJC_IMPLICIT_RETAIN_SELF = YES;
				CLANG_WARN_OBJC_LITERAL_CONVERSION = YES;
				CLANG_WARN_OBJC_ROOT_CLASS = YES_ERROR;
				CLANG_WARN_QUOTED_INCLUDE_IN_FRAMEWORK_HEADER = YES;
				CLANG_WARN_RANGE_LOOP_ANALYSIS = YES;
				CLANG_WARN_STRICT_PROTOTYPES = YES;
				CLANG_WARN_SUSPICIOUS_MOVE = YES;
				CLANG_WARN_UNGUARDED_AVAILABILITY = YES_AGGRESSIVE;
				CLANG_WARN_UNREACHABLE_CODE = YES;
				CLANG_WARN__DUPLICATE_METHOD_MATCH = YES;
				COPY_PHASE_STRIP = NO;
				DEBUG_INFORMATION_FORMAT = "dwarf-with-dsym";
				ENABLE_NS_ASSERTIONS = NO;
				ENABLE_STRICT_OBJC_MSGSEND = YES;
				GCC_C_LANGUAGE_STANDARD = gnu11;
				GCC_NO_COMMON_BLOCKS = YES;
				GCC_WARN_64_TO_32_BIT_CONVERSION = YES;
				GCC_WARN_ABOUT_RETURN_TYPE = YES_ERROR;
				GCC_WARN_UNDECLARED_SELECTOR = YES;
				GCC_WARN_UNINITIALIZED_AUTOS = YES_AGGRESSIVE;
				GCC_WARN_UNUSED_FUNCTION = YES;
				GCC_WARN_UNUSED_VARIABLE = YES;
				IPHONEOS_DEPLOYMENT_TARGET = 16.0;
				MTL_ENABLE_DEBUG_INFO = NO;
				MTL_FAST_MATH = YES;
				SDKROOT = iphoneos;
				SWIFT_COMPILATION_MODE = wholemodule;
				SWIFT_OPTIMIZATION_LEVEL = "-O";
				VALIDATE_PRODUCT = YES;
			};
			name = Release;
		};
		F2D114632904C15A005E3BC3 /* Debug */ = {
			isa = XCBuildConfiguration;
			baseConfigurationReference = 9042286E2F37BDD6AF9E959A /* Pods-TinderCook.debug.xcconfig */;
			buildSettings = {
				ASSETCATALOG_COMPILER_APPICON_NAME = AppIcon;
				ASSETCATALOG_COMPILER_GLOBAL_ACCENT_COLOR_NAME = AccentColor;
				CODE_SIGN_STYLE = Automatic;
				CURRENT_PROJECT_VERSION = 1;
				DEVELOPMENT_ASSET_PATHS = "\"TinderCook/Preview Content\"";
				DEVELOPMENT_TEAM = NB9XP58HLG;
				ENABLE_PREVIEWS = YES;
				GENERATE_INFOPLIST_FILE = YES;
				INFOPLIST_FILE = TinderCook/Info.plist;
				INFOPLIST_KEY_UIApplicationSceneManifest_Generation = YES;
				INFOPLIST_KEY_UIApplicationSupportsIndirectInputEvents = YES;
				INFOPLIST_KEY_UILaunchScreen_Generation = YES;
				INFOPLIST_KEY_UISupportedInterfaceOrientations_iPad = "UIInterfaceOrientationPortrait UIInterfaceOrientationPortraitUpsideDown UIInterfaceOrientationLandscapeLeft UIInterfaceOrientationLandscapeRight";
				INFOPLIST_KEY_UISupportedInterfaceOrientations_iPhone = "UIInterfaceOrientationPortrait UIInterfaceOrientationLandscapeLeft UIInterfaceOrientationLandscapeRight";
				LD_RUNPATH_SEARCH_PATHS = (
					"$(inherited)",
					"@executable_path/Frameworks",
				);
				MARKETING_VERSION = 1.0;
				PRODUCT_BUNDLE_IDENTIFIER = PhiBytes.TinderCook;
				PRODUCT_NAME = "$(TARGET_NAME)";
				SWIFT_EMIT_LOC_STRINGS = YES;
				SWIFT_VERSION = 5.0;
				TARGETED_DEVICE_FAMILY = "1,2";
			};
			name = Debug;
		};
		F2D114642904C15A005E3BC3 /* Release */ = {
			isa = XCBuildConfiguration;
			baseConfigurationReference = 048431C140B247BD1D0998A7 /* Pods-TinderCook.release.xcconfig */;
			buildSettings = {
				ASSETCATALOG_COMPILER_APPICON_NAME = AppIcon;
				ASSETCATALOG_COMPILER_GLOBAL_ACCENT_COLOR_NAME = AccentColor;
				CODE_SIGN_STYLE = Automatic;
				CURRENT_PROJECT_VERSION = 1;
				DEVELOPMENT_ASSET_PATHS = "\"TinderCook/Preview Content\"";
				DEVELOPMENT_TEAM = NB9XP58HLG;
				ENABLE_PREVIEWS = YES;
				GENERATE_INFOPLIST_FILE = YES;
				INFOPLIST_FILE = TinderCook/Info.plist;
				INFOPLIST_KEY_UIApplicationSceneManifest_Generation = YES;
				INFOPLIST_KEY_UIApplicationSupportsIndirectInputEvents = YES;
				INFOPLIST_KEY_UILaunchScreen_Generation = YES;
				INFOPLIST_KEY_UISupportedInterfaceOrientations_iPad = "UIInterfaceOrientationPortrait UIInterfaceOrientationPortraitUpsideDown UIInterfaceOrientationLandscapeLeft UIInterfaceOrientationLandscapeRight";
				INFOPLIST_KEY_UISupportedInterfaceOrientations_iPhone = "UIInterfaceOrientationPortrait UIInterfaceOrientationLandscapeLeft UIInterfaceOrientationLandscapeRight";
				LD_RUNPATH_SEARCH_PATHS = (
					"$(inherited)",
					"@executable_path/Frameworks",
				);
				MARKETING_VERSION = 1.0;
				PRODUCT_BUNDLE_IDENTIFIER = PhiBytes.TinderCook;
				PRODUCT_NAME = "$(TARGET_NAME)";
				SWIFT_EMIT_LOC_STRINGS = YES;
				SWIFT_VERSION = 5.0;
				TARGETED_DEVICE_FAMILY = "1,2";
			};
			name = Release;
		};
		F2D114662904C15A005E3BC3 /* Debug */ = {
			isa = XCBuildConfiguration;
			baseConfigurationReference = CA9C900721C272699EF10459 /* Pods-TinderCookTests.debug.xcconfig */;
			buildSettings = {
				ALWAYS_EMBED_SWIFT_STANDARD_LIBRARIES = YES;
				BUNDLE_LOADER = "$(TEST_HOST)";
				CODE_SIGN_STYLE = Automatic;
				CURRENT_PROJECT_VERSION = 1;
				DEVELOPMENT_TEAM = NB9XP58HLG;
				GENERATE_INFOPLIST_FILE = YES;
				IPHONEOS_DEPLOYMENT_TARGET = 16.0;
				MARKETING_VERSION = 1.0;
				PRODUCT_BUNDLE_IDENTIFIER = PhiBytes.TinderCookTests;
				PRODUCT_NAME = "$(TARGET_NAME)";
				SWIFT_EMIT_LOC_STRINGS = NO;
				SWIFT_VERSION = 5.0;
				TARGETED_DEVICE_FAMILY = "1,2";
				TEST_HOST = "$(BUILT_PRODUCTS_DIR)/TinderCook.app/$(BUNDLE_EXECUTABLE_FOLDER_PATH)/TinderCook";
			};
			name = Debug;
		};
		F2D114672904C15A005E3BC3 /* Release */ = {
			isa = XCBuildConfiguration;
			baseConfigurationReference = 6A53CA833A2CF3D777B1CA0F /* Pods-TinderCookTests.release.xcconfig */;
			buildSettings = {
				ALWAYS_EMBED_SWIFT_STANDARD_LIBRARIES = YES;
				BUNDLE_LOADER = "$(TEST_HOST)";
				CODE_SIGN_STYLE = Automatic;
				CURRENT_PROJECT_VERSION = 1;
				DEVELOPMENT_TEAM = NB9XP58HLG;
				GENERATE_INFOPLIST_FILE = YES;
				IPHONEOS_DEPLOYMENT_TARGET = 16.0;
				MARKETING_VERSION = 1.0;
				PRODUCT_BUNDLE_IDENTIFIER = PhiBytes.TinderCookTests;
				PRODUCT_NAME = "$(TARGET_NAME)";
				SWIFT_EMIT_LOC_STRINGS = NO;
				SWIFT_VERSION = 5.0;
				TARGETED_DEVICE_FAMILY = "1,2";
				TEST_HOST = "$(BUILT_PRODUCTS_DIR)/TinderCook.app/$(BUNDLE_EXECUTABLE_FOLDER_PATH)/TinderCook";
			};
			name = Release;
		};
		F2D114692904C15A005E3BC3 /* Debug */ = {
			isa = XCBuildConfiguration;
			baseConfigurationReference = B54980D0C146AA7C04AFC657 /* Pods-TinderCook-TinderCookUITests.debug.xcconfig */;
			buildSettings = {
				ALWAYS_EMBED_SWIFT_STANDARD_LIBRARIES = YES;
				CODE_SIGN_STYLE = Automatic;
				CURRENT_PROJECT_VERSION = 1;
				DEVELOPMENT_TEAM = NB9XP58HLG;
				GENERATE_INFOPLIST_FILE = YES;
				MARKETING_VERSION = 1.0;
				PRODUCT_BUNDLE_IDENTIFIER = PhiBytes.TinderCookUITests;
				PRODUCT_NAME = "$(TARGET_NAME)";
				SWIFT_EMIT_LOC_STRINGS = NO;
				SWIFT_VERSION = 5.0;
				TARGETED_DEVICE_FAMILY = "1,2";
				TEST_TARGET_NAME = TinderCook;
			};
			name = Debug;
		};
		F2D1146A2904C15A005E3BC3 /* Release */ = {
			isa = XCBuildConfiguration;
			baseConfigurationReference = 80CEB575EE3A6493B8CE7EA6 /* Pods-TinderCook-TinderCookUITests.release.xcconfig */;
			buildSettings = {
				ALWAYS_EMBED_SWIFT_STANDARD_LIBRARIES = YES;
				CODE_SIGN_STYLE = Automatic;
				CURRENT_PROJECT_VERSION = 1;
				DEVELOPMENT_TEAM = NB9XP58HLG;
				GENERATE_INFOPLIST_FILE = YES;
				MARKETING_VERSION = 1.0;
				PRODUCT_BUNDLE_IDENTIFIER = PhiBytes.TinderCookUITests;
				PRODUCT_NAME = "$(TARGET_NAME)";
				SWIFT_EMIT_LOC_STRINGS = NO;
				SWIFT_VERSION = 5.0;
				TARGETED_DEVICE_FAMILY = "1,2";
				TEST_TARGET_NAME = TinderCook;
			};
			name = Release;
		};
/* End XCBuildConfiguration section */

/* Begin XCConfigurationList section */
		F2D114392904C158005E3BC3 /* Build configuration list for PBXProject "TinderCook" */ = {
			isa = XCConfigurationList;
			buildConfigurations = (
				F2D114602904C15A005E3BC3 /* Debug */,
				F2D114612904C15A005E3BC3 /* Release */,
			);
			defaultConfigurationIsVisible = 0;
			defaultConfigurationName = Release;
		};
		F2D114622904C15A005E3BC3 /* Build configuration list for PBXNativeTarget "TinderCook" */ = {
			isa = XCConfigurationList;
			buildConfigurations = (
				F2D114632904C15A005E3BC3 /* Debug */,
				F2D114642904C15A005E3BC3 /* Release */,
			);
			defaultConfigurationIsVisible = 0;
			defaultConfigurationName = Release;
		};
		F2D114652904C15A005E3BC3 /* Build configuration list for PBXNativeTarget "TinderCookTests" */ = {
			isa = XCConfigurationList;
			buildConfigurations = (
				F2D114662904C15A005E3BC3 /* Debug */,
				F2D114672904C15A005E3BC3 /* Release */,
			);
			defaultConfigurationIsVisible = 0;
			defaultConfigurationName = Release;
		};
		F2D114682904C15A005E3BC3 /* Build configuration list for PBXNativeTarget "TinderCookUITests" */ = {
			isa = XCConfigurationList;
			buildConfigurations = (
				F2D114692904C15A005E3BC3 /* Debug */,
				F2D1146A2904C15A005E3BC3 /* Release */,
			);
			defaultConfigurationIsVisible = 0;
			defaultConfigurationName = Release;
		};
/* End XCConfigurationList section */
	};
	rootObject = F2D114362904C158005E3BC3 /* Project object */;
}
